
Microsoft Visual Studio Solution File, Format Version 12.00
# Visual Studio Version 16
VisualStudioVersion = 16.0.31105.61
MinimumVisualStudioVersion = 10.0.40219.1
Project("{FAE04EC0-301F-11D3-BF4B-00C04F79EFBC}") = "ContactXam.UWP", "ContactXam.UWP\ContactXam.UWP.csproj", "{6D5FDA2C-1013-47A6-B7CA-5C556AF6F1D2}"
EndProject
Project("{FAE04EC0-301F-11D3-BF4B-00C04F79EFBC}") = "ContactXam.Android", "ContactXam.Android\ContactXam.Android.csproj", "{CECB7ACA-B7A7-4337-8A99-554992447EFC}"
EndProject
Project("{FAE04EC0-301F-11D3-BF4B-00C04F79EFBC}") = "ContactXam.iOS", "ContactXam.iOS\ContactXam.iOS.csproj", "{858D15BA-B928-4F5F-A364-9272E6CA0F37}"
EndProject
Project("{FAE04EC0-301F-11D3-BF4B-00C04F79EFBC}") = "ContactXam", "ContactXam\ContactXam.csproj", "{410D7158-AA21-43D6-8C33-3211B49EA47D}"
EndProject
Global
	GlobalSection(SolutionConfigurationPlatforms) = preSolution
		Debug|Any CPU = Debug|Any CPU
		Debug|ARM = Debug|ARM
		Debug|iPhone = Debug|iPhone
		Debug|iPhoneSimulator = Debug|iPhoneSimulator
		Debug|x64 = Debug|x64
		Debug|x86 = Debug|x86
		Release|Any CPU = Release|Any CPU
		Release|ARM = Release|ARM
		Release|iPhone = Release|iPhone
		Release|iPhoneSimulator = Release|iPhoneSimulator
		Release|x64 = Release|x64
		Release|x86 = Release|x86
	EndGlobalSection
	GlobalSection(ProjectConfigurationPlatforms) = postSolution
		{6D5FDA2C-1013-47A6-B7CA-5C556AF6F1D2}.Debug|Any CPU.ActiveCfg = Debug|x86
		{6D5FDA2C-1013-47A6-B7CA-5C556AF6F1D2}.Debug|Any CPU.Build.0 = Debug|x86
		{6D5FDA2C-1013-47A6-B7CA-5C556AF6F1D2}.Debug|Any CPU.Deploy.0 = Debug|x86
		{6D5FDA2C-1013-47A6-B7CA-5C556AF6F1D2}.Debug|ARM.ActiveCfg = Debug|ARM
		{6D5FDA2C-1013-47A6-B7CA-5C556AF6F1D2}.Debug|ARM.Build.0 = Debug|ARM
		{6D5FDA2C-1013-47A6-B7CA-5C556AF6F1D2}.Debug|ARM.Deploy.0 = Debug|ARM
		{6D5FDA2C-1013-47A6-B7CA-5C556AF6F1D2}.Debug|iPhone.ActiveCfg = Debug|x86
		{6D5FDA2C-1013-47A6-B7CA-5C556AF6F1D2}.Debug|iPhone.Build.0 = Debug|x86
		{6D5FDA2C-1013-47A6-B7CA-5C556AF6F1D2}.Debug|iPhone.Deploy.0 = Debug|x86
		{6D5FDA2C-1013-47A6-B7CA-5C556AF6F1D2}.Debug|iPhoneSimulator.ActiveCfg = Debug|x86
		{6D5FDA2C-1013-47A6-B7CA-5C556AF6F1D2}.Debug|iPhoneSimulator.Build.0 = Debug|x86
		{6D5FDA2C-1013-47A6-B7CA-5C556AF6F1D2}.Debug|iPhoneSimulator.Deploy.0 = Debug|x86
		{6D5FDA2C-1013-47A6-B7CA-5C556AF6F1D2}.Debug|x64.ActiveCfg = Debug|x64
		{6D5FDA2C-1013-47A6-B7CA-5C556AF6F1D2}.Debug|x64.Build.0 = Debug|x64
		{6D5FDA2C-1013-47A6-B7CA-5C556AF6F1D2}.Debug|x64.Deploy.0 = Debug|x64
		{6D5FDA2C-1013-47A6-B7CA-5C556AF6F1D2}.Debug|x86.ActiveCfg = Debug|x86
		{6D5FDA2C-1013-47A6-B7CA-5C556AF6F1D2}.Debug|x86.Build.0 = Debug|x86
		{6D5FDA2C-1013-47A6-B7CA-5C556AF6F1D2}.Debug|x86.Deploy.0 = Debug|x86
		{6D5FDA2C-1013-47A6-B7CA-5C556AF6F1D2}.Release|Any CPU.ActiveCfg = Release|x86
		{6D5FDA2C-1013-47A6-B7CA-5C556AF6F1D2}.Release|Any CPU.Build.0 = Release|x86
		{6D5FDA2C-1013-47A6-B7CA-5C556AF6F1D2}.Release|Any CPU.Deploy.0 = Release|x86
		{6D5FDA2C-1013-47A6-B7CA-5C556AF6F1D2}.Release|ARM.ActiveCfg = Release|ARM
		{6D5FDA2C-1013-47A6-B7CA-5C556AF6F1D2}.Release|ARM.Build.0 = Release|ARM
		{6D5FDA2C-1013-47A6-B7CA-5C556AF6F1D2}.Release|ARM.Deploy.0 = Release|ARM
		{6D5FDA2C-1013-47A6-B7CA-5C556AF6F1D2}.Release|iPhone.ActiveCfg = Release|x86
		{6D5FDA2C-1013-47A6-B7CA-5C556AF6F1D2}.Release|iPhone.Build.0 = Release|x86
		{6D5FDA2C-1013-47A6-B7CA-5C556AF6F1D2}.Release|iPhone.Deploy.0 = Release|x86
		{6D5FDA2C-1013-47A6-B7CA-5C556AF6F1D2}.Release|iPhoneSimulator.ActiveCfg = Release|x86
		{6D5FDA2C-1013-47A6-B7CA-5C556AF6F1D2}.Release|iPhoneSimulator.Build.0 = Release|x86
		{6D5FDA2C-1013-47A6-B7CA-5C556AF6F1D2}.Release|iPhoneSimulator.Deploy.0 = Release|x86
		{6D5FDA2C-1013-47A6-B7CA-5C556AF6F1D2}.Release|x64.ActiveCfg = Release|x64
		{6D5FDA2C-1013-47A6-B7CA-5C556AF6F1D2}.Release|x64.Build.0 = Release|x64
		{6D5FDA2C-1013-47A6-B7CA-5C556AF6F1D2}.Release|x64.Deploy.0 = Release|x64
		{6D5FDA2C-1013-47A6-B7CA-5C556AF6F1D2}.Release|x86.ActiveCfg = Release|x86
		{6D5FDA2C-1013-47A6-B7CA-5C556AF6F1D2}.Release|x86.Build.0 = Release|x86
		{6D5FDA2C-1013-47A6-B7CA-5C556AF6F1D2}.Release|x86.Deploy.0 = Release|x86
		{CECB7ACA-B7A7-4337-8A99-554992447EFC}.Debug|Any CPU.ActiveCfg = Debug|Any CPU
		{CECB7ACA-B7A7-4337-8A99-554992447EFC}.Debug|Any CPU.Build.0 = Debug|Any CPU
		{CECB7ACA-B7A7-4337-8A99-554992447EFC}.Debug|Any CPU.Deploy.0 = Debug|Any CPU
		{CECB7ACA-B7A7-4337-8A99-554992447EFC}.Debug|ARM.ActiveCfg = Debug|Any CPU
		{CECB7ACA-B7A7-4337-8A99-554992447EFC}.Debug|ARM.Build.0 = Debug|Any CPU
		{CECB7ACA-B7A7-4337-8A99-554992447EFC}.Debug|ARM.Deploy.0 = Debug|Any CPU
		{CECB7ACA-B7A7-4337-8A99-554992447EFC}.Debug|iPhone.ActiveCfg = Debug|Any CPU
		{CECB7ACA-B7A7-4337-8A99-554992447EFC}.Debug|iPhone.Build.0 = Debug|Any CPU
		{CECB7ACA-B7A7-4337-8A99-554992447EFC}.Debug|iPhone.Deploy.0 = Debug|Any CPU
		{CECB7ACA-B7A7-4337-8A99-554992447EFC}.Debug|iPhoneSimulator.ActiveCfg = Debug|Any CPU
		{CECB7ACA-B7A7-4337-8A99-554992447EFC}.Debug|iPhoneSimulator.Build.0 = Debug|Any CPU
		{CECB7ACA-B7A7-4337-8A99-554992447EFC}.Debug|iPhoneSimulator.Deploy.0 = Debug|Any CPU
		{CECB7ACA-B7A7-4337-8A99-554992447EFC}.Debug|x64.ActiveCfg = Debug|Any CPU
		{CECB7ACA-B7A7-4337-8A99-554992447EFC}.Debug|x64.Build.0 = Debug|Any CPU
		{CECB7ACA-B7A7-4337-8A99-554992447EFC}.Debug|x64.Deploy.0 = Debug|Any CPU
		{CECB7ACA-B7A7-4337-8A99-554992447EFC}.Debug|x86.ActiveCfg = Debug|Any CPU
		{CECB7ACA-B7A7-4337-8A99-554992447EFC}.Debug|x86.Build.0 = Debug|Any CPU
		{CECB7ACA-B7A7-4337-8A99-554992447EFC}.Debug|x86.Deploy.0 = Debug|Any CPU
		{CECB7ACA-B7A7-4337-8A99-554992447EFC}.Release|Any CPU.ActiveCfg = Release|Any CPU
		{CECB7ACA-B7A7-4337-8A99-554992447EFC}.Release|Any CPU.Build.0 = Release|Any CPU
		{CECB7ACA-B7A7-4337-8A99-554992447EFC}.Release|Any CPU.Deploy.0 = Release|Any CPU
		{CECB7ACA-B7A7-4337-8A99-554992447EFC}.Release|ARM.ActiveCfg = Release|Any CPU
		{CECB7ACA-B7A7-4337-8A99-554992447EFC}.Release|ARM.Build.0 = Release|Any CPU
		{CECB7ACA-B7A7-4337-8A99-554992447EFC}.Release|ARM.Deploy.0 = Release|Any CPU
		{CECB7ACA-B7A7-4337-8A99-554992447EFC}.Release|iPhone.ActiveCfg = Release|Any CPU
		{CECB7ACA-B7A7-4337-8A99-554992447EFC}.Release|iPhone.Build.0 = Release|Any CPU
		{CECB7ACA-B7A7-4337-8A99-554992447EFC}.Release|iPhone.Deploy.0 = Release|Any CPU
		{CECB7ACA-B7A7-4337-8A99-554992447EFC}.Release|iPhoneSimulator.ActiveCfg = Release|Any CPU
		{CECB7ACA-B7A7-4337-8A99-554992447EFC}.Release|iPhoneSimulator.Build.0 = Release|Any CPU
		{CECB7ACA-B7A7-4337-8A99-554992447EFC}.Release|iPhoneSimulator.Deploy.0 = Release|Any CPU
		{CECB7ACA-B7A7-4337-8A99-554992447EFC}.Release|x64.ActiveCfg = Release|Any CPU
		{CECB7ACA-B7A7-4337-8A99-554992447EFC}.Release|x64.Build.0 = Release|Any CPU
		{CECB7ACA-B7A7-4337-8A99-554992447EFC}.Release|x64.Deploy.0 = Release|Any CPU
		{CECB7ACA-B7A7-4337-8A99-554992447EFC}.Release|x86.ActiveCfg = Release|Any CPU
		{CECB7ACA-B7A7-4337-8A99-554992447EFC}.Release|x86.Build.0 = Release|Any CPU
		{CECB7ACA-B7A7-4337-8A99-554992447EFC}.Release|x86.Deploy.0 = Release|Any CPU
		{858D15BA-B928-4F5F-A364-9272E6CA0F37}.Debug|Any CPU.ActiveCfg = Debug|iPhoneSimulator
		{858D15BA-B928-4F5F-A364-9272E6CA0F37}.Debug|Any CPU.Build.0 = Debug|iPhoneSimulator
		{858D15BA-B928-4F5F-A364-9272E6CA0F37}.Debug|Any CPU.Deploy.0 = Debug|iPhoneSimulator
		{858D15BA-B928-4F5F-A364-9272E6CA0F37}.Debug|ARM.ActiveCfg = Debug|iPhone
		{858D15BA-B928-4F5F-A364-9272E6CA0F37}.Debug|ARM.Build.0 = Debug|iPhone
		{858D15BA-B928-4F5F-A364-9272E6CA0F37}.Debug|ARM.Deploy.0 = Debug|iPhone
		{858D15BA-B928-4F5F-A364-9272E6CA0F37}.Debug|iPhone.ActiveCfg = Debug|iPhone
		{858D15BA-B928-4F5F-A364-9272E6CA0F37}.Debug|iPhone.Build.0 = Debug|iPhone
		{858D15BA-B928-4F5F-A364-9272E6CA0F37}.Debug|iPhone.Deploy.0 = Debug|iPhone
		{858D15BA-B928-4F5F-A364-9272E6CA0F37}.Debug|iPhoneSimulator.ActiveCfg = Debug|iPhoneSimulator
		{858D15BA-B928-4F5F-A364-9272E6CA0F37}.Debug|iPhoneSimulator.Build.0 = Debug|iPhoneSimulator
		{858D15BA-B928-4F5F-A364-9272E6CA0F37}.Debug|iPhoneSimulator.Deploy.0 = Debug|iPhoneSimulator
		{858D15BA-B928-4F5F-A364-9272E6CA0F37}.Debug|x64.ActiveCfg = Debug|iPhoneSimulator
		{858D15BA-B928-4F5F-A364-9272E6CA0F37}.Debug|x64.Build.0 = Debug|iPhoneSimulator
		{858D15BA-B928-4F5F-A364-9272E6CA0F37}.Debug|x64.Deploy.0 = Debug|iPhoneSimulator
		{858D15BA-B928-4F5F-A364-9272E6CA0F37}.Debug|x86.ActiveCfg = Debug|iPhoneSimulator
		{858D15BA-B928-4F5F-A364-9272E6CA0F37}.Debug|x86.Build.0 = Debug|iPhoneSimulator
		{858D15BA-B928-4F5F-A364-9272E6CA0F37}.Debug|x86.Deploy.0 = Debug|iPhoneSimulator
		{858D15BA-B928-4F5F-A364-9272E6CA0F37}.Release|Any CPU.ActiveCfg = Release|iPhoneSimulator
		{858D15BA-B928-4F5F-A364-9272E6CA0F37}.Release|Any CPU.Build.0 = Release|iPhoneSimulator
		{858D15BA-B928-4F5F-A364-9272E6CA0F37}.Release|Any CPU.Deploy.0 = Release|iPhoneSimulator
		{858D15BA-B928-4F5F-A364-9272E6CA0F37}.Release|ARM.ActiveCfg = Release|iPhoneSimulator
		{858D15BA-B928-4F5F-A364-9272E6CA0F37}.Release|ARM.Build.0 = Release|iPhoneSimulator
		{858D15BA-B928-4F5F-A364-9272E6CA0F37}.Release|ARM.Deploy.0 = Release|iPhoneSimulator
		{858D15BA-B928-4F5F-A364-9272E6CA0F37}.Release|iPhone.ActiveCfg = Release|iPhone
		{858D15BA-B928-4F5F-A364-9272E6CA0F37}.Release|iPhone.Build.0 = Release|iPhone
		{858D15BA-B928-4F5F-A364-9272E6CA0F37}.Release|iPhone.Deploy.0 = Release|iPhone
		{858D15BA-B928-4F5F-A364-9272E6CA0F37}.Release|iPhoneSimulator.ActiveCfg = Release|iPhoneSimulator
		{858D15BA-B928-4F5F-A364-9272E6CA0F37}.Release|iPhoneSimulator.Build.0 = Release|iPhoneSimulator
		{858D15BA-B928-4F5F-A364-9272E6CA0F37}.Release|iPhoneSimulator.Deploy.0 = Release|iPhoneSimulator
		{858D15BA-B928-4F5F-A364-9272E6CA0F37}.Release|x64.ActiveCfg = Release|iPhoneSimulator
		{858D15BA-B928-4F5F-A364-9272E6CA0F37}.Release|x64.Build.0 = Release|iPhoneSimulator
		{858D15BA-B928-4F5F-A364-9272E6CA0F37}.Release|x64.Deploy.0 = Release|iPhoneSimulator
		{858D15BA-B928-4F5F-A364-9272E6CA0F37}.Release|x86.ActiveCfg = Release|iPhoneSimulator
		{858D15BA-B928-4F5F-A364-9272E6CA0F37}.Release|x86.Build.0 = Release|iPhoneSimulator
		{858D15BA-B928-4F5F-A364-9272E6CA0F37}.Release|x86.Deploy.0 = Release|iPhoneSimulator
		{410D7158-AA21-43D6-8C33-3211B49EA47D}.Debug|Any CPU.ActiveCfg = Debug|Any CPU
		{410D7158-AA21-43D6-8C33-3211B49EA47D}.Debug|Any CPU.Build.0 = Debug|Any CPU
		{410D7158-AA21-43D6-8C33-3211B49EA47D}.Debug|Any CPU.Deploy.0 = Debug|Any CPU
		{410D7158-AA21-43D6-8C33-3211B49EA47D}.Debug|ARM.ActiveCfg = Debug|Any CPU
		{410D7158-AA21-43D6-8C33-3211B49EA47D}.Debug|ARM.Build.0 = Debug|Any CPU
		{410D7158-AA21-43D6-8C33-3211B49EA47D}.Debug|ARM.Deploy.0 = Debug|Any CPU
		{410D7158-AA21-43D6-8C33-3211B49EA47D}.Debug|iPhone.ActiveCfg = Debug|Any CPU
		{410D7158-AA21-43D6-8C33-3211B49EA47D}.Debug|iPhone.Build.0 = Debug|Any CPU
		{410D7158-AA21-43D6-8C33-3211B49EA47D}.Debug|iPhone.Deploy.0 = Debug|Any CPU
		{410D7158-AA21-43D6-8C33-3211B49EA47D}.Debug|iPhoneSimulator.ActiveCfg = Debug|Any CPU
		{410D7158-AA21-43D6-8C33-3211B49EA47D}.Debug|iPhoneSimulator.Build.0 = Debug|Any CPU
		{410D7158-AA21-43D6-8C33-3211B49EA47D}.Debug|iPhoneSimulator.Deploy.0 = Debug|Any CPU
		{410D7158-AA21-43D6-8C33-3211B49EA47D}.Debug|x64.ActiveCfg = Debug|Any CPU
		{410D7158-AA21-43D6-8C33-3211B49EA47D}.Debug|x64.Build.0 = Debug|Any CPU
		{410D7158-AA21-43D6-8C33-3211B49EA47D}.Debug|x64.Deploy.0 = Debug|Any CPU
		{410D7158-AA21-43D6-8C33-3211B49EA47D}.Debug|x86.ActiveCfg = Debug|Any CPU
		{410D7158-AA21-43D6-8C33-3211B49EA47D}.Debug|x86.Build.0 = Debug|Any CPU
		{410D7158-AA21-43D6-8C33-3211B49EA47D}.Debug|x86.Deploy.0 = Debug|Any CPU
		{410D7158-AA21-43D6-8C33-3211B49EA47D}.Release|Any CPU.ActiveCfg = Release|Any CPU
		{410D7158-AA21-43D6-8C33-3211B49EA47D}.Release|Any CPU.Build.0 = Release|Any CPU
		{410D7158-AA21-43D6-8C33-3211B49EA47D}.Release|Any CPU.Deploy.0 = Release|Any CPU
		{410D7158-AA21-43D6-8C33-3211B49EA47D}.Release|ARM.ActiveCfg = Release|Any CPU
		{410D7158-AA21-43D6-8C33-3211B49EA47D}.Release|ARM.Build.0 = Release|Any CPU
		{410D7158-AA21-43D6-8C33-3211B49EA47D}.Release|ARM.Deploy.0 = Release|Any CPU
		{410D7158-AA21-43D6-8C33-3211B49EA47D}.Release|iPhone.ActiveCfg = Release|Any CPU
		{410D7158-AA21-43D6-8C33-3211B49EA47D}.Release|iPhone.Build.0 = Release|Any CPU
		{410D7158-AA21-43D6-8C33-3211B49EA47D}.Release|iPhone.Deploy.0 = Release|Any CPU
		{410D7158-AA21-43D6-8C33-3211B49EA47D}.Release|iPhoneSimulator.ActiveCfg = Release|Any CPU
		{410D7158-AA21-43D6-8C33-3211B49EA47D}.Release|iPhoneSimulator.Build.0 = Release|Any CPU
		{410D7158-AA21-43D6-8C33-3211B49EA47D}.Release|iPhoneSimulator.Deploy.0 = Release|Any CPU
		{410D7158-AA21-43D6-8C33-3211B49EA47D}.Release|x64.ActiveCfg = Release|Any CPU
		{410D7158-AA21-43D6-8C33-3211B49EA47D}.Release|x64.Build.0 = Release|Any CPU
		{410D7158-AA21-43D6-8C33-3211B49EA47D}.Release|x64.Deploy.0 = Release|Any CPU
		{410D7158-AA21-43D6-8C33-3211B49EA47D}.Release|x86.ActiveCfg = Release|Any CPU
		{410D7158-AA21-43D6-8C33-3211B49EA47D}.Release|x86.Build.0 = Release|Any CPU
		{410D7158-AA21-43D6-8C33-3211B49EA47D}.Release|x86.Deploy.0 = Release|Any CPU
	EndGlobalSection
	GlobalSection(SolutionProperties) = preSolution
		HideSolutionNode = FALSE
	EndGlobalSection
	GlobalSection(ExtensibilityGlobals) = postSolution
		SolutionGuid = {C1908298-7B3E-492F-958A-8FD0F42251B7}
	EndGlobalSection
EndGlobal
